
Microsoft Visual Studio Solution File, Format Version 12.00
# Visual Studio Version 17
VisualStudioVersion = 17.8.34525.116
MinimumVisualStudioVersion = 10.0.40219.1
Project("{FAE04EC0-301F-11D3-BF4B-00C04F79EFBC}") = "LibraryManagement.API", "LibraryManagement.API.csproj", "{23FFEE68-7626-42D6-8541-04C43780EF86}"
EndProject
Global
	GlobalSection(SolutionConfigurationPlatforms) = preSolution
		Debug|Any CPU = Debug|Any CPU
		Release|Any CPU = Release|Any CPU
	EndGlobalSection
	GlobalSection(ProjectConfigurationPlatforms) = postSolution
		{23FFEE68-7626-42D6-8541-04C43780EF86}.Debug|Any CPU.ActiveCfg = Debug|Any CPU
		{23FFEE68-7626-42D6-8541-04C43780EF86}.Debug|Any CPU.Build.0 = Debug|Any CPU
		{23FFEE68-7626-42D6-8541-04C43780EF86}.Release|Any CPU.ActiveCfg = Release|Any CPU
		{23FFEE68-7626-42D6-8541-04C43780EF86}.Release|Any CPU.Build.0 = Release|Any CPU
	EndGlobalSection
	GlobalSection(SolutionProperties) = preSolution
		HideSolutionNode = FALSE
	EndGlobalSection
	GlobalSection(ExtensibilityGlobals) = postSolution
		SolutionGuid = {711D2E94-E13A-41A7-A9C9-3D7B13238565}
	EndGlobalSection
EndGlobal
